
Microsoft Visual Studio Solution File, Format Version 12.00
# Visual Studio Version 16
VisualStudioVersion = 16.0.31911.196
MinimumVisualStudioVersion = 10.0.40219.1
Project("{FAE04EC0-301F-11D3-BF4B-00C04F79EFBC}") = "VisagramAPI", "VisagramAPI\VisagramAPI.csproj", "{6F6B18B0-8D9C-47F0-A657-E6BE2AF7037B}"
EndProject
Global
	GlobalSection(SolutionConfigurationPlatforms) = preSolution
		Debug|Any CPU = Debug|Any CPU
		Release|Any CPU = Release|Any CPU
	EndGlobalSection
	GlobalSection(ProjectConfigurationPlatforms) = postSolution
		{6F6B18B0-8D9C-47F0-A657-E6BE2AF7037B}.Debug|Any CPU.ActiveCfg = Debug|Any CPU
		{6F6B18B0-8D9C-47F0-A657-E6BE2AF7037B}.Debug|Any CPU.Build.0 = Debug|Any CPU
		{6F6B18B0-8D9C-47F0-A657-E6BE2AF7037B}.Release|Any CPU.ActiveCfg = Release|Any CPU
		{6F6B18B0-8D9C-47F0-A657-E6BE2AF7037B}.Release|Any CPU.Build.0 = Release|Any CPU
	EndGlobalSection
	GlobalSection(SolutionProperties) = preSolution
		HideSolutionNode = FALSE
	EndGlobalSection
	GlobalSection(ExtensibilityGlobals) = postSolution
		SolutionGuid = {E1E40728-E7B1-4557-81A3-1DCB002B13D1}
	EndGlobalSection
EndGlobal
